// !$*UTF8*$!
{
	archiveVersion = 1;
	classes = {
	};
	objectVersion = 46;
	objects = {

/* Begin PBXBuildFile section */
		24858F080444B755757E75BC /* Pods_SimpleDemo.framework in Frameworks */ = {isa = PBXBuildFile; fileRef = 8C139B3D3E8FCDE3BC17A8A1 /* Pods_SimpleDemo.framework */; settings = {ATTRIBUTES = (Weak, ); }; };
		D0ADA231C47397CBF4C3983F /* Pods_SimpleDemoTests.framework in Frameworks */ = {isa = PBXBuildFile; fileRef = 887D1E5D81B6BA2FA459582B /* Pods_SimpleDemoTests.framework */; settings = {ATTRIBUTES = (Weak, ); }; };
		FF4BA8411B2B1C700060FE58 /* AppDelegate.swift in Sources */ = {isa = PBXBuildFile; fileRef = FF4BA8401B2B1C700060FE58 /* AppDelegate.swift */; };
		FF4BA8431B2B1C700060FE58 /* ViewController.swift in Sources */ = {isa = PBXBuildFile; fileRef = FF4BA8421B2B1C700060FE58 /* ViewController.swift */; };
		FF4BA8461B2B1C700060FE58 /* Main.storyboard in Resources */ = {isa = PBXBuildFile; fileRef = FF4BA8441B2B1C700060FE58 /* Main.storyboard */; };
		FF4BA8481B2B1C700060FE58 /* Images.xcassets in Resources */ = {isa = PBXBuildFile; fileRef = FF4BA8471B2B1C700060FE58 /* Images.xcassets */; };
		FF4BA84B1B2B1C700060FE58 /* LaunchScreen.xib in Resources */ = {isa = PBXBuildFile; fileRef = FF4BA8491B2B1C700060FE58 /* LaunchScreen.xib */; };
		FF4BA8571B2B1C700060FE58 /* SimpleDemoTests.swift in Sources */ = {isa = PBXBuildFile; fileRef = FF4BA8561B2B1C700060FE58 /* SimpleDemoTests.swift */; };
/* End PBXBuildFile section */

/* Begin PBXContainerItemProxy section */
		FF4BA8511B2B1C700060FE58 /* PBXContainerItemProxy */ = {
			isa = PBXContainerItemProxy;
			containerPortal = FF4BA8331B2B1C700060FE58 /* Project object */;
			proxyType = 1;
			remoteGlobalIDString = FF4BA83A1B2B1C700060FE58;
			remoteInfo = SimpleDemo;
		};
/* End PBXContainerItemProxy section */

/* Begin PBXCopyFilesBuildPhase section */
		FF4BA87A1B2B27BC0060FE58 /* Embed Frameworks */ = {
			isa = PBXCopyFilesBuildPhase;
			buildActionMask = 2147483647;
			dstPath = "";
			dstSubfolderSpec = 10;
			files = (
			);
			name = "Embed Frameworks";
			runOnlyForDeploymentPostprocessing = 0;
		};
/* End PBXCopyFilesBuildPhase section */

/* Begin PBXFileReference section */
		313826080720F916063BC3E3 /* Pods-SimpleDemo.debug.xcconfig */ = {isa = PBXFileReference; includeInIndex = 1; lastKnownFileType = text.xcconfig; name = "Pods-SimpleDemo.debug.xcconfig"; path = "Pods/Target Support Files/Pods-SimpleDemo/Pods-SimpleDemo.debug.xcconfig"; sourceTree = "<group>"; };
		604687C48CD22767A36CE9D7 /* Pods-SimpleDemo.release.xcconfig */ = {isa = PBXFileReference; includeInIndex = 1; lastKnownFileType = text.xcconfig; name = "Pods-SimpleDemo.release.xcconfig"; path = "Pods/Target Support Files/Pods-SimpleDemo/Pods-SimpleDemo.release.xcconfig"; sourceTree = "<group>"; };
		63CABF90AEB0B02F7A67F5F0 /* Pods-SimpleDemoTests.debug.xcconfig */ = {isa = PBXFileReference; includeInIndex = 1; lastKnownFileType = text.xcconfig; name = "Pods-SimpleDemoTests.debug.xcconfig"; path = "Pods/Target Support Files/Pods-SimpleDemoTests/Pods-SimpleDemoTests.debug.xcconfig"; sourceTree = "<group>"; };
		82183C90E4B85C0DFE2C48DF /* Pods-SimpleDemoTests.release.xcconfig */ = {isa = PBXFileReference; includeInIndex = 1; lastKnownFileType = text.xcconfig; name = "Pods-SimpleDemoTests.release.xcconfig"; path = "Pods/Target Support Files/Pods-SimpleDemoTests/Pods-SimpleDemoTests.release.xcconfig"; sourceTree = "<group>"; };
		887D1E5D81B6BA2FA459582B /* Pods_SimpleDemoTests.framework */ = {isa = PBXFileReference; explicitFileType = wrapper.framework; includeInIndex = 0; path = Pods_SimpleDemoTests.framework; sourceTree = BUILT_PRODUCTS_DIR; };
		8C139B3D3E8FCDE3BC17A8A1 /* Pods_SimpleDemo.framework */ = {isa = PBXFileReference; explicitFileType = wrapper.framework; includeInIndex = 0; path = Pods_SimpleDemo.framework; sourceTree = BUILT_PRODUCTS_DIR; };
		FF4BA83B1B2B1C700060FE58 /* SimpleDemo.app */ = {isa = PBXFileReference; explicitFileType = wrapper.application; includeInIndex = 0; path = SimpleDemo.app; sourceTree = BUILT_PRODUCTS_DIR; };
		FF4BA83F1B2B1C700060FE58 /* Info.plist */ = {isa = PBXFileReference; lastKnownFileType = text.plist.xml; path = Info.plist; sourceTree = "<group>"; };
		FF4BA8401B2B1C700060FE58 /* AppDelegate.swift */ = {isa = PBXFileReference; lastKnownFileType = sourcecode.swift; path = AppDelegate.swift; sourceTree = "<group>"; };
		FF4BA8421B2B1C700060FE58 /* ViewController.swift */ = {isa = PBXFileReference; lastKnownFileType = sourcecode.swift; path = ViewController.swift; sourceTree = "<group>"; };
		FF4BA8451B2B1C700060FE58 /* Base */ = {isa = PBXFileReference; lastKnownFileType = file.storyboard; name = Base; path = Base.lproj/Main.storyboard; sourceTree = "<group>"; };
		FF4BA8471B2B1C700060FE58 /* Images.xcassets */ = {isa = PBXFileReference; lastKnownFileType = folder.assetcatalog; path = Images.xcassets; sourceTree = "<group>"; };
		FF4BA84A1B2B1C700060FE58 /* Base */ = {isa = PBXFileReference; lastKnownFileType = file.xib; name = Base; path = Base.lproj/LaunchScreen.xib; sourceTree = "<group>"; };
		FF4BA8501B2B1C700060FE58 /* SimpleDemoTests.xctest */ = {isa = PBXFileReference; explicitFileType = wrapper.cfbundle; includeInIndex = 0; path = SimpleDemoTests.xctest; sourceTree = BUILT_PRODUCTS_DIR; };
		FF4BA8551B2B1C700060FE58 /* Info.plist */ = {isa = PBXFileReference; lastKnownFileType = text.plist.xml; path = Info.plist; sourceTree = "<group>"; };
		FF4BA8561B2B1C700060FE58 /* SimpleDemoTests.swift */ = {isa = PBXFileReference; lastKnownFileType = sourcecode.swift; path = SimpleDemoTests.swift; sourceTree = "<group>"; };
/* End PBXFileReference section */

/* Begin PBXFrameworksBuildPhase section */
		FF4BA8381B2B1C700060FE58 /* Frameworks */ = {
			isa = PBXFrameworksBuildPhase;
			buildActionMask = 2147483647;
			files = (
				24858F080444B755757E75BC /* Pods_SimpleDemo.framework in Frameworks */,
			);
			runOnlyForDeploymentPostprocessing = 0;
		};
		FF4BA84D1B2B1C700060FE58 /* Frameworks */ = {
			isa = PBXFrameworksBuildPhase;
			buildActionMask = 2147483647;
			files = (
				D0ADA231C47397CBF4C3983F /* Pods_SimpleDemoTests.framework in Frameworks */,
			);
			runOnlyForDeploymentPostprocessing = 0;
		};
/* End PBXFrameworksBuildPhase section */

/* Begin PBXGroup section */
		363F0D090A7AA10C0BD6A744 /* Pods */ = {
			isa = PBXGroup;
			children = (
				313826080720F916063BC3E3 /* Pods-SimpleDemo.debug.xcconfig */,
				604687C48CD22767A36CE9D7 /* Pods-SimpleDemo.release.xcconfig */,
				63CABF90AEB0B02F7A67F5F0 /* Pods-SimpleDemoTests.debug.xcconfig */,
				82183C90E4B85C0DFE2C48DF /* Pods-SimpleDemoTests.release.xcconfig */,
			);
			name = Pods;
			sourceTree = "<group>";
		};
		C6F75BCF3901D1CF0DFC4DC3 /* Frameworks */ = {
			isa = PBXGroup;
			children = (
				8C139B3D3E8FCDE3BC17A8A1 /* Pods_SimpleDemo.framework */,
				887D1E5D81B6BA2FA459582B /* Pods_SimpleDemoTests.framework */,
			);
			name = Frameworks;
			sourceTree = "<group>";
		};
		FF4BA8321B2B1C700060FE58 = {
			isa = PBXGroup;
			children = (
				FF4BA83D1B2B1C700060FE58 /* SimpleDemo */,
				FF4BA8531B2B1C700060FE58 /* SimpleDemoTests */,
				FF4BA83C1B2B1C700060FE58 /* Products */,
				363F0D090A7AA10C0BD6A744 /* Pods */,
				C6F75BCF3901D1CF0DFC4DC3 /* Frameworks */,
			);
			sourceTree = "<group>";
		};
		FF4BA83C1B2B1C700060FE58 /* Products */ = {
			isa = PBXGroup;
			children = (
				FF4BA83B1B2B1C700060FE58 /* SimpleDemo.app */,
				FF4BA8501B2B1C700060FE58 /* SimpleDemoTests.xctest */,
			);
			name = Products;
			sourceTree = "<group>";
		};
		FF4BA83D1B2B1C700060FE58 /* SimpleDemo */ = {
			isa = PBXGroup;
			children = (
				FF4BA8401B2B1C700060FE58 /* AppDelegate.swift */,
				FF4BA8421B2B1C700060FE58 /* ViewController.swift */,
				FF4BA8441B2B1C700060FE58 /* Main.storyboard */,
				FF4BA8471B2B1C700060FE58 /* Images.xcassets */,
				FF4BA8491B2B1C700060FE58 /* LaunchScreen.xib */,
				FF4BA83E1B2B1C700060FE58 /* Supporting Files */,
			);
			path = SimpleDemo;
			sourceTree = "<group>";
		};
		FF4BA83E1B2B1C700060FE58 /* Supporting Files */ = {
			isa = PBXGroup;
			children = (
				FF4BA83F1B2B1C700060FE58 /* Info.plist */,
			);
			name = "Supporting Files";
			sourceTree = "<group>";
		};
		FF4BA8531B2B1C700060FE58 /* SimpleDemoTests */ = {
			isa = PBXGroup;
			children = (
				FF4BA8561B2B1C700060FE58 /* SimpleDemoTests.swift */,
				FF4BA8541B2B1C700060FE58 /* Supporting Files */,
			);
			path = SimpleDemoTests;
			sourceTree = "<group>";
		};
		FF4BA8541B2B1C700060FE58 /* Supporting Files */ = {
			isa = PBXGroup;
			children = (
				FF4BA8551B2B1C700060FE58 /* Info.plist */,
			);
			name = "Supporting Files";
			sourceTree = "<group>";
		};
/* End PBXGroup section */

/* Begin PBXNativeTarget section */
		FF4BA83A1B2B1C700060FE58 /* SimpleDemo */ = {
			isa = PBXNativeTarget;
			buildConfigurationList = FF4BA85A1B2B1C700060FE58 /* Build configuration list for PBXNativeTarget "SimpleDemo" */;
			buildPhases = (
				0E16AA9FFFFDFD85AFA8642D /* Check Pods Manifest.lock */,
				FF4BA8371B2B1C700060FE58 /* Sources */,
				FF4BA8381B2B1C700060FE58 /* Frameworks */,
				FF4BA8391B2B1C700060FE58 /* Resources */,
				FF4BA87A1B2B27BC0060FE58 /* Embed Frameworks */,
				B60C71C20887B75F1B5CC9F6 /* Embed Pods Frameworks */,
				0C696FD89C6DFA98B835E7BB /* Copy Pods Resources */,
			);
			buildRules = (
			);
			dependencies = (
			);
			name = SimpleDemo;
			productName = SimpleDemo;
			productReference = FF4BA83B1B2B1C700060FE58 /* SimpleDemo.app */;
			productType = "com.apple.product-type.application";
		};
		FF4BA84F1B2B1C700060FE58 /* SimpleDemoTests */ = {
			isa = PBXNativeTarget;
			buildConfigurationList = FF4BA85D1B2B1C700060FE58 /* Build configuration list for PBXNativeTarget "SimpleDemoTests" */;
			buildPhases = (
				90BA62A07906D2C86D188D75 /* Check Pods Manifest.lock */,
				FF4BA84C1B2B1C700060FE58 /* Sources */,
				FF4BA84D1B2B1C700060FE58 /* Frameworks */,
				FF4BA84E1B2B1C700060FE58 /* Resources */,
				48DC86FEE8575C7B16C5F683 /* Embed Pods Frameworks */,
				9B33CC0BCEA4B394987154C3 /* Copy Pods Resources */,
			);
			buildRules = (
			);
			dependencies = (
				FF4BA8521B2B1C700060FE58 /* PBXTargetDependency */,
			);
			name = SimpleDemoTests;
			productName = SimpleDemoTests;
			productReference = FF4BA8501B2B1C700060FE58 /* SimpleDemoTests.xctest */;
			productType = "com.apple.product-type.bundle.unit-test";
		};
/* End PBXNativeTarget section */

/* Begin PBXProject section */
		FF4BA8331B2B1C700060FE58 /* Project object */ = {
			isa = PBXProject;
			attributes = {
				LastSwiftUpdateCheck = 0700;
				LastUpgradeCheck = 0630;
				ORGANIZATIONNAME = FJBelchi;
				TargetAttributes = {
					FF4BA83A1B2B1C700060FE58 = {
						CreatedOnToolsVersion = 6.3.2;
					};
					FF4BA84F1B2B1C700060FE58 = {
						CreatedOnToolsVersion = 6.3.2;
						TestTargetID = FF4BA83A1B2B1C700060FE58;
					};
				};
			};
			buildConfigurationList = FF4BA8361B2B1C700060FE58 /* Build configuration list for PBXProject "SimpleDemo" */;
			compatibilityVersion = "Xcode 3.2";
			developmentRegion = English;
			hasScannedForEncodings = 0;
			knownRegions = (
				en,
				Base,
			);
			mainGroup = FF4BA8321B2B1C700060FE58;
			productRefGroup = FF4BA83C1B2B1C700060FE58 /* Products */;
			projectDirPath = "";
			projectRoot = "";
			targets = (
				FF4BA83A1B2B1C700060FE58 /* SimpleDemo */,
				FF4BA84F1B2B1C700060FE58 /* SimpleDemoTests */,
			);
		};
/* End PBXProject section */

/* Begin PBXResourcesBuildPhase section */
		FF4BA8391B2B1C700060FE58 /* Resources */ = {
			isa = PBXResourcesBuildPhase;
			buildActionMask = 2147483647;
			files = (
				FF4BA8461B2B1C700060FE58 /* Main.storyboard in Resources */,
				FF4BA84B1B2B1C700060FE58 /* LaunchScreen.xib in Resources */,
				FF4BA8481B2B1C700060FE58 /* Images.xcassets in Resources */,
			);
			runOnlyForDeploymentPostprocessing = 0;
		};
		FF4BA84E1B2B1C700060FE58 /* Resources */ = {
			isa = PBXResourcesBuildPhase;
			buildActionMask = 2147483647;
			files = (
			);
			runOnlyForDeploymentPostprocessing = 0;
		};
/* End PBXResourcesBuildPhase section */

/* Begin PBXShellScriptBuildPhase section */
		0C696FD89C6DFA98B835E7BB /* Copy Pods Resources */ = {
			isa = PBXShellScriptBuildPhase;
			buildActionMask = 2147483647;
			files = (
			);
			inputPaths = (
			);
			name = "Copy Pods Resources";
			outputPaths = (
			);
			runOnlyForDeploymentPostprocessing = 0;
			shellPath = /bin/sh;
			shellScript = "\"${SRCROOT}/Pods/Target Support Files/Pods-SimpleDemo/Pods-SimpleDemo-resources.sh\"\n";
			showEnvVarsInLog = 0;
		};
		0E16AA9FFFFDFD85AFA8642D /* Check Pods Manifest.lock */ = {
			isa = PBXShellScriptBuildPhase;
			buildActionMask = 2147483647;
			files = (
			);
			inputPaths = (
			);
			name = "Check Pods Manifest.lock";
			outputPaths = (
			);
			runOnlyForDeploymentPostprocessing = 0;
			shellPath = /bin/sh;
			shellScript = "diff \"${PODS_ROOT}/../Podfile.lock\" \"${PODS_ROOT}/Manifest.lock\" > /dev/null\nif [[ $? != 0 ]] ; then\n    cat << EOM\nerror: The sandbox is not in sync with the Podfile.lock. Run 'pod install' or update your CocoaPods installation.\nEOM\n    exit 1\nfi\n";
			showEnvVarsInLog = 0;
		};
		48DC86FEE8575C7B16C5F683 /* Embed Pods Frameworks */ = {
			isa = PBXShellScriptBuildPhase;
			buildActionMask = 2147483647;
			files = (
			);
			inputPaths = (
			);
			name = "Embed Pods Frameworks";
			outputPaths = (
			);
			runOnlyForDeploymentPostprocessing = 0;
			shellPath = /bin/sh;
			shellScript = "\"${SRCROOT}/Pods/Target Support Files/Pods-SimpleDemoTests/Pods-SimpleDemoTests-frameworks.sh\"\n";
			showEnvVarsInLog = 0;
		};
		90BA62A07906D2C86D188D75 /* Check Pods Manifest.lock */ = {
			isa = PBXShellScriptBuildPhase;
			buildActionMask = 2147483647;
			files = (
			);
			inputPaths = (
			);
			name = "Check Pods Manifest.lock";
			outputPaths = (
			);
			runOnlyForDeploymentPostprocessing = 0;
			shellPath = /bin/sh;
			shellScript = "diff \"${PODS_ROOT}/../Podfile.lock\" \"${PODS_ROOT}/Manifest.lock\" > /dev/null\nif [[ $? != 0 ]] ; then\n    cat << EOM\nerror: The sandbox is not in sync with the Podfile.lock. Run 'pod install' or update your CocoaPods installation.\nEOM\n    exit 1\nfi\n";
			showEnvVarsInLog = 0;
		};
		9B33CC0BCEA4B394987154C3 /* Copy Pods Resources */ = {
			isa = PBXShellScriptBuildPhase;
			buildActionMask = 2147483647;
			files = (
			);
			inputPaths = (
			);
			name = "Copy Pods Resources";
			outputPaths = (
			);
			runOnlyForDeploymentPostprocessing = 0;
			shellPath = /bin/sh;
			shellScript = "\"${SRCROOT}/Pods/Target Support Files/Pods-SimpleDemoTests/Pods-SimpleDemoTests-resources.sh\"\n";
			showEnvVarsInLog = 0;
		};
		B60C71C20887B75F1B5CC9F6 /* Embed Pods Frameworks */ = {
			isa = PBXShellScriptBuildPhase;
			buildActionMask = 2147483647;
			files = (
			);
			inputPaths = (
			);
			name = "Embed Pods Frameworks";
			outputPaths = (
			);
			runOnlyForDeploymentPostprocessing = 0;
			shellPath = /bin/sh;
			shellScript = "\"${SRCROOT}/Pods/Target Support Files/Pods-SimpleDemo/Pods-SimpleDemo-frameworks.sh\"\n";
			showEnvVarsInLog = 0;
		};
/* End PBXShellScriptBuildPhase section */

/* Begin PBXSourcesBuildPhase section */
		FF4BA8371B2B1C700060FE58 /* Sources */ = {
			isa = PBXSourcesBuildPhase;
			buildActionMask = 2147483647;
			files = (
				FF4BA8431B2B1C700060FE58 /* ViewController.swift in Sources */,
				FF4BA8411B2B1C700060FE58 /* AppDelegate.swift in Sources */,
			);
			runOnlyForDeploymentPostprocessing = 0;
		};
		FF4BA84C1B2B1C700060FE58 /* Sources */ = {
			isa = PBXSourcesBuildPhase;
			buildActionMask = 2147483647;
			files = (
				FF4BA8571B2B1C700060FE58 /* SimpleDemoTests.swift in Sources */,
			);
			runOnlyForDeploymentPostprocessing = 0;
		};
/* End PBXSourcesBuildPhase section */

/* Begin PBXTargetDependency section */
		FF4BA8521B2B1C700060FE58 /* PBXTargetDependency */ = {
			isa = PBXTargetDependency;
			target = FF4BA83A1B2B1C700060FE58 /* SimpleDemo */;
			targetProxy = FF4BA8511B2B1C700060FE58 /* PBXContainerItemProxy */;
		};
/* End PBXTargetDependency section */

/* Begin PBXVariantGroup section */
		FF4BA8441B2B1C700060FE58 /* Main.storyboard */ = {
			isa = PBXVariantGroup;
			children = (
				FF4BA8451B2B1C700060FE58 /* Base */,
			);
			name = Main.storyboard;
			sourceTree = "<group>";
		};
		FF4BA8491B2B1C700060FE58 /* LaunchScreen.xib */ = {
			isa = PBXVariantGroup;
			children = (
				FF4BA84A1B2B1C700060FE58 /* Base */,
			);
			name = LaunchScreen.xib;
			sourceTree = "<group>";
		};
/* End PBXVariantGroup section */

/* Begin XCBuildConfiguration section */
		FF4BA8581B2B1C700060FE58 /* Debug */ = {
			isa = XCBuildConfiguration;
			buildSettings = {
				ALWAYS_SEARCH_USER_PATHS = NO;
				CLANG_CXX_LANGUAGE_STANDARD = "gnu++0x";
				CLANG_CXX_LIBRARY = "libc++";
				CLANG_ENABLE_MODULES = YES;
				CLANG_ENABLE_OBJC_ARC = YES;
				CLANG_WARN_BOOL_CONVERSION = YES;
				CLANG_WARN_CONSTANT_CONVERSION = YES;
				CLANG_WARN_DIRECT_OBJC_ISA_USAGE = YES_ERROR;
				CLANG_WARN_EMPTY_BODY = YES;
				CLANG_WARN_ENUM_CONVERSION = YES;
				CLANG_WARN_INT_CONVERSION = YES;
				CLANG_WARN_OBJC_ROOT_CLASS = YES_ERROR;
				CLANG_WARN_UNREACHABLE_CODE = YES;
				CLANG_WARN__DUPLICATE_METHOD_MATCH = YES;
				"CODE_SIGN_IDENTITY[sdk=iphoneos*]" = "iPhone Developer";
				COPY_PHASE_STRIP = NO;
				DEBUG_INFORMATION_FORMAT = "dwarf-with-dsym";
				ENABLE_STRICT_OBJC_MSGSEND = YES;
				GCC_C_LANGUAGE_STANDARD = gnu99;
				GCC_DYNAMIC_NO_PIC = NO;
				GCC_NO_COMMON_BLOCKS = YES;
				GCC_OPTIMIZATION_LEVEL = 0;
				GCC_PREPROCESSOR_DEFINITIONS = (
					"DEBUG=1",
					"$(inherited)",
				);
				GCC_SYMBOLS_PRIVATE_EXTERN = NO;
				GCC_WARN_64_TO_32_BIT_CONVERSION = YES;
				GCC_WARN_ABOUT_RETURN_TYPE = YES_ERROR;
				GCC_WARN_UNDECLARED_SELECTOR = YES;
				GCC_WARN_UNINITIALIZED_AUTOS = YES_AGGRESSIVE;
				GCC_WARN_UNUSED_FUNCTION = YES;
				GCC_WARN_UNUSED_VARIABLE = YES;
				IPHONEOS_DEPLOYMENT_TARGET = 8.3;
				MTL_ENABLE_DEBUG_INFO = YES;
				ONLY_ACTIVE_ARCH = YES;
				SDKROOT = iphoneos;
				SWIFT_OPTIMIZATION_LEVEL = "-Onone";
				TARGETED_DEVICE_FAMILY = "1,2";
			};
			name = Debug;
		};
		FF4BA8591B2B1C700060FE58 /* Release */ = {
			isa = XCBuildConfiguration;
			buildSettings = {
				ALWAYS_SEARCH_USER_PATHS = NO;
				CLANG_CXX_LANGUAGE_STANDARD = "gnu++0x";
				CLANG_CXX_LIBRARY = "libc++";
				CLANG_ENABLE_MODULES = YES;
				CLANG_ENABLE_OBJC_ARC = YES;
				CLANG_WARN_BOOL_CONVERSION = YES;
				CLANG_WARN_CONSTANT_CONVERSION = YES;
				CLANG_WARN_DIRECT_OBJC_ISA_USAGE = YES_ERROR;
				CLANG_WARN_EMPTY_BODY = YES;
				CLANG_WARN_ENUM_CONVERSION = YES;
				CLANG_WARN_INT_CONVERSION = YES;
				CLANG_WARN_OBJC_ROOT_CLASS = YES_ERROR;
				CLANG_WARN_UNREACHABLE_CODE = YES;
				CLANG_WARN__DUPLICATE_METHOD_MATCH = YES;
				"CODE_SIGN_IDENTITY[sdk=iphoneos*]" = "iPhone Developer";
				COPY_PHASE_STRIP = NO;
				DEBUG_INFORMATION_FORMAT = "dwarf-with-dsym";
				ENABLE_NS_ASSERTIONS = NO;
				ENABLE_STRICT_OBJC_MSGSEND = YES;
				GCC_C_LANGUAGE_STANDARD = gnu99;
				GCC_NO_COMMON_BLOCKS = YES;
				GCC_WARN_64_TO_32_BIT_CONVERSION = YES;
				GCC_WARN_ABOUT_RETURN_TYPE = YES_ERROR;
				GCC_WARN_UNDECLARED_SELECTOR = YES;
				GCC_WARN_UNINITIALIZED_AUTOS = YES_AGGRESSIVE;
				GCC_WARN_UNUSED_FUNCTION = YES;
				GCC_WARN_UNUSED_VARIABLE = YES;
				IPHONEOS_DEPLOYMENT_TARGET = 8.3;
				MTL_ENABLE_DEBUG_INFO = NO;
				SDKROOT = iphoneos;
				TARGETED_DEVICE_FAMILY = "1,2";
				VALIDATE_PRODUCT = YES;
			};
			name = Release;
		};
		FF4BA85B1B2B1C700060FE58 /* Debug */ = {
			isa = XCBuildConfiguration;
			baseConfigurationReference = 313826080720F916063BC3E3 /* Pods-SimpleDemo.debug.xcconfig */;
			buildSettings = {
				ASSETCATALOG_COMPILER_APPICON_NAME = AppIcon;
				FRAMEWORK_SEARCH_PATHS = (
					"$(inherited)",
					"$(USER_LIBRARY_DIR)/Developer/Xcode/DerivedData/SwiftLayout-gzbksaltgdjfusbngjuoagdjqthg/Build/Products/Debug-iphoneos",
					"$(PROJECT_DIR)",
					"$(USER_LIBRARY_DIR)/Developer/Xcode/DerivedData/SwiftLayout-gzbksaltgdjfusbngjuoagdjqthg/Build/Products/Debug-iphonesimulator",
				);
				INFOPLIST_FILE = SimpleDemo/Info.plist;
				LD_RUNPATH_SEARCH_PATHS = "$(inherited) @executable_path/Frameworks";
				PRODUCT_NAME = "$(TARGET_NAME)";
			};
			name = Debug;
		};
		FF4BA85C1B2B1C700060FE58 /* Release */ = {
			isa = XCBuildConfiguration;
			baseConfigurationReference = 604687C48CD22767A36CE9D7 /* Pods-SimpleDemo.release.xcconfig */;
			buildSettings = {
				ASSETCATALOG_COMPILER_APPICON_NAME = AppIcon;
				FRAMEWORK_SEARCH_PATHS = (
					"$(inherited)",
					"$(USER_LIBRARY_DIR)/Developer/Xcode/DerivedData/SwiftLayout-gzbksaltgdjfusbngjuoagdjqthg/Build/Products/Debug-iphoneos",
					"$(PROJECT_DIR)",
					"$(USER_LIBRARY_DIR)/Developer/Xcode/DerivedData/SwiftLayout-gzbksaltgdjfusbngjuoagdjqthg/Build/Products/Debug-iphonesimulator",
				);
				INFOPLIST_FILE = SimpleDemo/Info.plist;
				LD_RUNPATH_SEARCH_PATHS = "$(inherited) @executable_path/Frameworks";
				PRODUCT_NAME = "$(TARGET_NAME)";
			};
			name = Release;
		};
		FF4BA85E1B2B1C700060FE58 /* Debug */ = {
			isa = XCBuildConfiguration;
			baseConfigurationReference = 63CABF90AEB0B02F7A67F5F0 /* Pods-SimpleDemoTests.debug.xcconfig */;
			buildSettings = {
				BUNDLE_LOADER = "$(TEST_HOST)";
				FRAMEWORK_SEARCH_PATHS = (
					"$(SDKROOT)/Developer/Library/Frameworks",
					"$(inherited)",
				);
				GCC_PREPROCESSOR_DEFINITIONS = (
					"DEBUG=1",
					"$(inherited)",
				);
				INFOPLIST_FILE = SimpleDemoTests/Info.plist;
				LD_RUNPATH_SEARCH_PATHS = "$(inherited) @executable_path/Frameworks @loader_path/Frameworks";
				PRODUCT_NAME = "$(TARGET_NAME)";
				TEST_HOST = "$(BUILT_PRODUCTS_DIR)/SimpleDemo.app/SimpleDemo";
			};
			name = Debug;
		};
		FF4BA85F1B2B1C700060FE58 /* Release */ = {
			isa = XCBuildConfiguration;
			baseConfigurationReference = 82183C90E4B85C0DFE2C48DF /* Pods-SimpleDemoTests.release.xcconfig */;
			buildSettings = {
				BUNDLE_LOADER = "$(TEST_HOST)";
				FRAMEWORK_SEARCH_PATHS = (
					"$(SDKROOT)/Developer/Library/Frameworks",
					"$(inherited)",
				);
				INFOPLIST_FILE = SimpleDemoTests/Info.plist;
				LD_RUNPATH_SEARCH_PATHS = "$(inherited) @executable_path/Frameworks @loader_path/Frameworks";
				PRODUCT_NAME = "$(TARGET_NAME)";
				TEST_HOST = "$(BUILT_PRODUCTS_DIR)/SimpleDemo.app/SimpleDemo";
			};
			name = Release;
		};
/* End XCBuildConfiguration section */

/* Begin XCConfigurationList section */
		FF4BA8361B2B1C700060FE58 /* Build configuration list for PBXProject "SimpleDemo" */ = {
			isa = XCConfigurationList;
			buildConfigurations = (
				FF4BA8581B2B1C700060FE58 /* Debug */,
				FF4BA8591B2B1C700060FE58 /* Release */,
			);
			defaultConfigurationIsVisible = 0;
			defaultConfigurationName = Release;
		};
		FF4BA85A1B2B1C700060FE58 /* Build configuration list for PBXNativeTarget "SimpleDemo" */ = {
			isa = XCConfigurationList;
			buildConfigurations = (
				FF4BA85B1B2B1C700060FE58 /* Debug */,
				FF4BA85C1B2B1C700060FE58 /* Release */,
			);
			defaultConfigurationIsVisible = 0;
			defaultConfigurationName = Release;
		};
		FF4BA85D1B2B1C700060FE58 /* Build configuration list for PBXNativeTarget "SimpleDemoTests" */ = {
			isa = XCConfigurationList;
			buildConfigurations = (
				FF4BA85E1B2B1C700060FE58 /* Debug */,
				FF4BA85F1B2B1C700060FE58 /* Release */,
			);
			defaultConfigurationIsVisible = 0;
			defaultConfigurationName = Release;
		};
/* End XCConfigurationList section */
	};
	rootObject = FF4BA8331B2B1C700060FE58 /* Project object */;
}
