// !$*UTF8*$!
{
	archiveVersion = 1;
	classes = {
	};
	objectVersion = 46;
	objects = {

/* Begin PBXBuildFile section */
		FF4BA7E91B2AFF400060FE58 /* SwiftLayout.h in Headers */ = {isa = PBXBuildFile; fileRef = FF4BA7E81B2AFF400060FE58 /* SwiftLayout.h */; settings = {ATTRIBUTES = (Public, ); }; };
		FF4BA7EF1B2AFF400060FE58 /* SwiftLayout.framework in Frameworks */ = {isa = PBXBuildFile; fileRef = FF4BA7E31B2AFF400060FE58 /* SwiftLayout.framework */; };
		FF4BA7F61B2AFF400060FE58 /* SwiftLayoutTests.swift in Sources */ = {isa = PBXBuildFile; fileRef = FF4BA7F51B2AFF400060FE58 /* SwiftLayoutTests.swift */; };
/* End PBXBuildFile section */

/* Begin PBXContainerItemProxy section */
		FF4BA7F01B2AFF400060FE58 /* PBXContainerItemProxy */ = {
			isa = PBXContainerItemProxy;
			containerPortal = FF4BA7DA1B2AFF400060FE58 /* Project object */;
			proxyType = 1;
			remoteGlobalIDString = FF4BA7E21B2AFF400060FE58;
			remoteInfo = SwiftLayout;
		};
/* End PBXContainerItemProxy section */

/* Begin PBXFileReference section */
		FF4BA7E31B2AFF400060FE58 /* SwiftLayout.framework */ = {isa = PBXFileReference; explicitFileType = wrapper.framework; includeInIndex = 0; path = SwiftLayout.framework; sourceTree = BUILT_PRODUCTS_DIR; };
		FF4BA7E71B2AFF400060FE58 /* Info.plist */ = {isa = PBXFileReference; lastKnownFileType = text.plist.xml; path = Info.plist; sourceTree = "<group>"; };
		FF4BA7E81B2AFF400060FE58 /* SwiftLayout.h */ = {isa = PBXFileReference; lastKnownFileType = sourcecode.c.h; path = SwiftLayout.h; sourceTree = "<group>"; };
		FF4BA7EE1B2AFF400060FE58 /* SwiftLayoutTests.xctest */ = {isa = PBXFileReference; explicitFileType = wrapper.cfbundle; includeInIndex = 0; path = SwiftLayoutTests.xctest; sourceTree = BUILT_PRODUCTS_DIR; };
		FF4BA7F41B2AFF400060FE58 /* Info.plist */ = {isa = PBXFileReference; lastKnownFileType = text.plist.xml; path = Info.plist; sourceTree = "<group>"; };
		FF4BA7F51B2AFF400060FE58 /* SwiftLayoutTests.swift */ = {isa = PBXFileReference; lastKnownFileType = sourcecode.swift; path = SwiftLayoutTests.swift; sourceTree = "<group>"; };
/* End PBXFileReference section */

/* Begin PBXFrameworksBuildPhase section */
		FF4BA7DF1B2AFF400060FE58 /* Frameworks */ = {
			isa = PBXFrameworksBuildPhase;
			buildActionMask = 2147483647;
			files = (
			);
			runOnlyForDeploymentPostprocessing = 0;
		};
		FF4BA7EB1B2AFF400060FE58 /* Frameworks */ = {
			isa = PBXFrameworksBuildPhase;
			buildActionMask = 2147483647;
			files = (
				FF4BA7EF1B2AFF400060FE58 /* SwiftLayout.framework in Frameworks */,
			);
			runOnlyForDeploymentPostprocessing = 0;
		};
/* End PBXFrameworksBuildPhase section */

/* Begin PBXGroup section */
		FF4BA7D91B2AFF400060FE58 = {
			isa = PBXGroup;
			children = (
				FF4BA7E51B2AFF400060FE58 /* SwiftLayout */,
				FF4BA7F21B2AFF400060FE58 /* SwiftLayoutTests */,
				FF4BA7E41B2AFF400060FE58 /* Products */,
			);
			sourceTree = "<group>";
		};
		FF4BA7E41B2AFF400060FE58 /* Products */ = {
			isa = PBXGroup;
			children = (
				FF4BA7E31B2AFF400060FE58 /* SwiftLayout.framework */,
				FF4BA7EE1B2AFF400060FE58 /* SwiftLayoutTests.xctest */,
			);
			name = Products;
			sourceTree = "<group>";
		};
		FF4BA7E51B2AFF400060FE58 /* SwiftLayout */ = {
			isa = PBXGroup;
			children = (
				FF4BA7E81B2AFF400060FE58 /* SwiftLayout.h */,
				FF4BA7E61B2AFF400060FE58 /* Supporting Files */,
			);
			path = SwiftLayout;
			sourceTree = "<group>";
		};
		FF4BA7E61B2AFF400060FE58 /* Supporting Files */ = {
			isa = PBXGroup;
			children = (
				FF4BA7E71B2AFF400060FE58 /* Info.plist */,
			);
			name = "Supporting Files";
			sourceTree = "<group>";
		};
		FF4BA7F21B2AFF400060FE58 /* SwiftLayoutTests */ = {
			isa = PBXGroup;
			children = (
				FF4BA7F51B2AFF400060FE58 /* SwiftLayoutTests.swift */,
				FF4BA7F31B2AFF400060FE58 /* Supporting Files */,
			);
			path = SwiftLayoutTests;
			sourceTree = "<group>";
		};
		FF4BA7F31B2AFF400060FE58 /* Supporting Files */ = {
			isa = PBXGroup;
			children = (
				FF4BA7F41B2AFF400060FE58 /* Info.plist */,
			);
			name = "Supporting Files";
			sourceTree = "<group>";
		};
/* End PBXGroup section */

/* Begin PBXHeadersBuildPhase section */
		FF4BA7E01B2AFF400060FE58 /* Headers */ = {
			isa = PBXHeadersBuildPhase;
			buildActionMask = 2147483647;
			files = (
				FF4BA7E91B2AFF400060FE58 /* SwiftLayout.h in Headers */,
			);
			runOnlyForDeploymentPostprocessing = 0;
		};
/* End PBXHeadersBuildPhase section */

/* Begin PBXNativeTarget section */
		FF4BA7E21B2AFF400060FE58 /* SwiftLayout */ = {
			isa = PBXNativeTarget;
			buildConfigurationList = FF4BA7F91B2AFF400060FE58 /* Build configuration list for PBXNativeTarget "SwiftLayout" */;
			buildPhases = (
				FF4BA7DE1B2AFF400060FE58 /* Sources */,
				FF4BA7DF1B2AFF400060FE58 /* Frameworks */,
				FF4BA7E01B2AFF400060FE58 /* Headers */,
				FF4BA7E11B2AFF400060FE58 /* Resources */,
			);
			buildRules = (
			);
			dependencies = (
			);
			name = SwiftLayout;
			productName = SwiftLayout;
			productReference = FF4BA7E31B2AFF400060FE58 /* SwiftLayout.framework */;
			productType = "com.apple.product-type.framework";
		};
		FF4BA7ED1B2AFF400060FE58 /* SwiftLayoutTests */ = {
			isa = PBXNativeTarget;
			buildConfigurationList = FF4BA7FC1B2AFF400060FE58 /* Build configuration list for PBXNativeTarget "SwiftLayoutTests" */;
			buildPhases = (
				FF4BA7EA1B2AFF400060FE58 /* Sources */,
				FF4BA7EB1B2AFF400060FE58 /* Frameworks */,
				FF4BA7EC1B2AFF400060FE58 /* Resources */,
			);
			buildRules = (
			);
			dependencies = (
				FF4BA7F11B2AFF400060FE58 /* PBXTargetDependency */,
			);
			name = SwiftLayoutTests;
			productName = SwiftLayoutTests;
			productReference = FF4BA7EE1B2AFF400060FE58 /* SwiftLayoutTests.xctest */;
			productType = "com.apple.product-type.bundle.unit-test";
		};
/* End PBXNativeTarget section */

/* Begin PBXProject section */
		FF4BA7DA1B2AFF400060FE58 /* Project object */ = {
			isa = PBXProject;
			attributes = {
				LastUpgradeCheck = 0630;
				ORGANIZATIONNAME = FJBelchi;
				TargetAttributes = {
					FF4BA7E21B2AFF400060FE58 = {
						CreatedOnToolsVersion = 6.3.2;
					};
					FF4BA7ED1B2AFF400060FE58 = {
						CreatedOnToolsVersion = 6.3.2;
					};
				};
			};
			buildConfigurationList = FF4BA7DD1B2AFF400060FE58 /* Build configuration list for PBXProject "SwiftLayout" */;
			compatibilityVersion = "Xcode 3.2";
			developmentRegion = English;
			hasScannedForEncodings = 0;
			knownRegions = (
				en,
			);
			mainGroup = FF4BA7D91B2AFF400060FE58;
			productRefGroup = FF4BA7E41B2AFF400060FE58 /* Products */;
			projectDirPath = "";
			projectRoot = "";
			targets = (
				FF4BA7E21B2AFF400060FE58 /* SwiftLayout */,
				FF4BA7ED1B2AFF400060FE58 /* SwiftLayoutTests */,
			);
		};
/* End PBXProject section */

/* Begin PBXResourcesBuildPhase section */
		FF4BA7E11B2AFF400060FE58 /* Resources */ = {
			isa = PBXResourcesBuildPhase;
			buildActionMask = 2147483647;
			files = (
			);
			runOnlyForDeploymentPostprocessing = 0;
		};
		FF4BA7EC1B2AFF400060FE58 /* Resources */ = {
			isa = PBXResourcesBuildPhase;
			buildActionMask = 2147483647;
			files = (
			);
			runOnlyForDeploymentPostprocessing = 0;
		};
/* End PBXResourcesBuildPhase section */

/* Begin PBXSourcesBuildPhase section */
		FF4BA7DE1B2AFF400060FE58 /* Sources */ = {
			isa = PBXSourcesBuildPhase;
			buildActionMask = 2147483647;
			files = (
			);
			runOnlyForDeploymentPostprocessing = 0;
		};
		FF4BA7EA1B2AFF400060FE58 /* Sources */ = {
			isa = PBXSourcesBuildPhase;
			buildActionMask = 2147483647;
			files = (
				FF4BA7F61B2AFF400060FE58 /* SwiftLayoutTests.swift in Sources */,
			);
			runOnlyForDeploymentPostprocessing = 0;
		};
/* End PBXSourcesBuildPhase section */

/* Begin PBXTargetDependency section */
		FF4BA7F11B2AFF400060FE58 /* PBXTargetDependency */ = {
			isa = PBXTargetDependency;
			target = FF4BA7E21B2AFF400060FE58 /* SwiftLayout */;
			targetProxy = FF4BA7F01B2AFF400060FE58 /* PBXContainerItemProxy */;
		};
/* End PBXTargetDependency section */

/* Begin XCBuildConfiguration section */
		FF4BA7F71B2AFF400060FE58 /* Debug */ = {
			isa = XCBuildConfiguration;
			buildSettings = {
				ALWAYS_SEARCH_USER_PATHS = NO;
				CLANG_CXX_LANGUAGE_STANDARD = "gnu++0x";
				CLANG_CXX_LIBRARY = "libc++";
				CLANG_ENABLE_MODULES = YES;
				CLANG_ENABLE_OBJC_ARC = YES;
				CLANG_WARN_BOOL_CONVERSION = YES;
				CLANG_WARN_CONSTANT_CONVERSION = YES;
				CLANG_WARN_DIRECT_OBJC_ISA_USAGE = YES_ERROR;
				CLANG_WARN_EMPTY_BODY = YES;
				CLANG_WARN_ENUM_CONVERSION = YES;
				CLANG_WARN_INT_CONVERSION = YES;
				CLANG_WARN_OBJC_ROOT_CLASS = YES_ERROR;
				CLANG_WARN_UNREACHABLE_CODE = YES;
				CLANG_WARN__DUPLICATE_METHOD_MATCH = YES;
				"CODE_SIGN_IDENTITY[sdk=iphoneos*]" = "iPhone Developer";
				COPY_PHASE_STRIP = NO;
				CURRENT_PROJECT_VERSION = 1;
				DEBUG_INFORMATION_FORMAT = "dwarf-with-dsym";
				ENABLE_STRICT_OBJC_MSGSEND = YES;
				GCC_C_LANGUAGE_STANDARD = gnu99;
				GCC_DYNAMIC_NO_PIC = NO;
				GCC_NO_COMMON_BLOCKS = YES;
				GCC_OPTIMIZATION_LEVEL = 0;
				GCC_PREPROCESSOR_DEFINITIONS = (
					"DEBUG=1",
					"$(inherited)",
				);
				GCC_SYMBOLS_PRIVATE_EXTERN = NO;
				GCC_WARN_64_TO_32_BIT_CONVERSION = YES;
				GCC_WARN_ABOUT_RETURN_TYPE = YES_ERROR;
				GCC_WARN_UNDECLARED_SELECTOR = YES;
				GCC_WARN_UNINITIALIZED_AUTOS = YES_AGGRESSIVE;
				GCC_WARN_UNUSED_FUNCTION = YES;
				GCC_WARN_UNUSED_VARIABLE = YES;
				IPHONEOS_DEPLOYMENT_TARGET = 8.3;
				MTL_ENABLE_DEBUG_INFO = YES;
				ONLY_ACTIVE_ARCH = YES;
				SDKROOT = iphoneos;
				SWIFT_OPTIMIZATION_LEVEL = "-Onone";
				TARGETED_DEVICE_FAMILY = "1,2";
				VERSIONING_SYSTEM = "apple-generic";
				VERSION_INFO_PREFIX = "";
			};
			name = Debug;
		};
		FF4BA7F81B2AFF400060FE58 /* Release */ = {
			isa = XCBuildConfiguration;
			buildSettings = {
				ALWAYS_SEARCH_USER_PATHS = NO;
				CLANG_CXX_LANGUAGE_STANDARD = "gnu++0x";
				CLANG_CXX_LIBRARY = "libc++";
				CLANG_ENABLE_MODULES = YES;
				CLANG_ENABLE_OBJC_ARC = YES;
				CLANG_WARN_BOOL_CONVERSION = YES;
				CLANG_WARN_CONSTANT_CONVERSION = YES;
				CLANG_WARN_DIRECT_OBJC_ISA_USAGE = YES_ERROR;
				CLANG_WARN_EMPTY_BODY = YES;
				CLANG_WARN_ENUM_CONVERSION = YES;
				CLANG_WARN_INT_CONVERSION = YES;
				CLANG_WARN_OBJC_ROOT_CLASS = YES_ERROR;
				CLANG_WARN_UNREACHABLE_CODE = YES;
				CLANG_WARN__DUPLICATE_METHOD_MATCH = YES;
				"CODE_SIGN_IDENTITY[sdk=iphoneos*]" = "iPhone Developer";
				COPY_PHASE_STRIP = NO;
				CURRENT_PROJECT_VERSION = 1;
				DEBUG_INFORMATION_FORMAT = "dwarf-with-dsym";
				ENABLE_NS_ASSERTIONS = NO;
				ENABLE_STRICT_OBJC_MSGSEND = YES;
				GCC_C_LANGUAGE_STANDARD = gnu99;
				GCC_NO_COMMON_BLOCKS = YES;
				GCC_WARN_64_TO_32_BIT_CONVERSION = YES;
				GCC_WARN_ABOUT_RETURN_TYPE = YES_ERROR;
				GCC_WARN_UNDECLARED_SELECTOR = YES;
				GCC_WARN_UNINITIALIZED_AUTOS = YES_AGGRESSIVE;
				GCC_WARN_UNUSED_FUNCTION = YES;
				GCC_WARN_UNUSED_VARIABLE = YES;
				IPHONEOS_DEPLOYMENT_TARGET = 8.3;
				MTL_ENABLE_DEBUG_INFO = NO;
				SDKROOT = iphoneos;
				TARGETED_DEVICE_FAMILY = "1,2";
				VALIDATE_PRODUCT = YES;
				VERSIONING_SYSTEM = "apple-generic";
				VERSION_INFO_PREFIX = "";
			};
			name = Release;
		};
		FF4BA7FA1B2AFF400060FE58 /* Debug */ = {
			isa = XCBuildConfiguration;
			buildSettings = {
				DEFINES_MODULE = YES;
				DYLIB_COMPATIBILITY_VERSION = 1;
				DYLIB_CURRENT_VERSION = 1;
				DYLIB_INSTALL_NAME_BASE = "@rpath";
				INFOPLIST_FILE = SwiftLayout/Info.plist;
				INSTALL_PATH = "$(LOCAL_LIBRARY_DIR)/Frameworks";
				LD_RUNPATH_SEARCH_PATHS = "$(inherited) @executable_path/Frameworks @loader_path/Frameworks";
				PRODUCT_NAME = "$(TARGET_NAME)";
				SKIP_INSTALL = YES;
			};
			name = Debug;
		};
		FF4BA7FB1B2AFF400060FE58 /* Release */ = {
			isa = XCBuildConfiguration;
			buildSettings = {
				DEFINES_MODULE = YES;
				DYLIB_COMPATIBILITY_VERSION = 1;
				DYLIB_CURRENT_VERSION = 1;
				DYLIB_INSTALL_NAME_BASE = "@rpath";
				INFOPLIST_FILE = SwiftLayout/Info.plist;
				INSTALL_PATH = "$(LOCAL_LIBRARY_DIR)/Frameworks";
				LD_RUNPATH_SEARCH_PATHS = "$(inherited) @executable_path/Frameworks @loader_path/Frameworks";
				PRODUCT_NAME = "$(TARGET_NAME)";
				SKIP_INSTALL = YES;
			};
			name = Release;
		};
		FF4BA7FD1B2AFF400060FE58 /* Debug */ = {
			isa = XCBuildConfiguration;
			buildSettings = {
				FRAMEWORK_SEARCH_PATHS = (
					"$(SDKROOT)/Developer/Library/Frameworks",
					"$(inherited)",
				);
				GCC_PREPROCESSOR_DEFINITIONS = (
					"DEBUG=1",
					"$(inherited)",
				);
				INFOPLIST_FILE = SwiftLayoutTests/Info.plist;
				LD_RUNPATH_SEARCH_PATHS = "$(inherited) @executable_path/Frameworks @loader_path/Frameworks";
				PRODUCT_NAME = "$(TARGET_NAME)";
			};
			name = Debug;
		};
		FF4BA7FE1B2AFF400060FE58 /* Release */ = {
			isa = XCBuildConfiguration;
			buildSettings = {
				FRAMEWORK_SEARCH_PATHS = (
					"$(SDKROOT)/Developer/Library/Frameworks",
					"$(inherited)",
				);
				INFOPLIST_FILE = SwiftLayoutTests/Info.plist;
				LD_RUNPATH_SEARCH_PATHS = "$(inherited) @executable_path/Frameworks @loader_path/Frameworks";
				PRODUCT_NAME = "$(TARGET_NAME)";
			};
			name = Release;
		};
/* End XCBuildConfiguration section */

/* Begin XCConfigurationList section */
		FF4BA7DD1B2AFF400060FE58 /* Build configuration list for PBXProject "SwiftLayout" */ = {
			isa = XCConfigurationList;
			buildConfigurations = (
				FF4BA7F71B2AFF400060FE58 /* Debug */,
				FF4BA7F81B2AFF400060FE58 /* Release */,
			);
			defaultConfigurationIsVisible = 0;
			defaultConfigurationName = Release;
		};
		FF4BA7F91B2AFF400060FE58 /* Build configuration list for PBXNativeTarget "SwiftLayout" */ = {
			isa = XCConfigurationList;
			buildConfigurations = (
				FF4BA7FA1B2AFF400060FE58 /* Debug */,
				FF4BA7FB1B2AFF400060FE58 /* Release */,
			);
			defaultConfigurationIsVisible = 0;
		};
		FF4BA7FC1B2AFF400060FE58 /* Build configuration list for PBXNativeTarget "SwiftLayoutTests" */ = {
			isa = XCConfigurationList;
			buildConfigurations = (
				FF4BA7FD1B2AFF400060FE58 /* Debug */,
				FF4BA7FE1B2AFF400060FE58 /* Release */,
			);
			defaultConfigurationIsVisible = 0;
		};
/* End XCConfigurationList section */
	};
	rootObject = FF4BA7DA1B2AFF400060FE58 /* Project object */;
}
